{
  "lockfileVersion": 1,
  "configVersion": 0,
  "workspaces": {
    "": {
      "name": "api-web",
      "dependencies": {
        "@hono/zod-validator": "^0.7.6",
        "bcryptjs": "^2.4.3",
        "cloudinary": "^2.9.0",
        "hono": "^4.12.11",
        "ioredis": "^5.10.1",
        "jose": "^5.10.0",
        "nanoid": "^5.1.7",
        "pdf-lib": "^1.17.1",
        "postgres": "^3.4.9",
        "resend": "^6.10.0",
        "zod": "^4.3.6",
      },
      "devDependencies": {
        "@types/bcryptjs": "^2.4.6",
        "@types/bun": "latest",
        "@types/node": "^25.5.2",
        "typescript": "^5.9.3",
      },
    },
  },
  "overrides": {
    "lodash": "^4.17.23",
  },
  "packages": {
    "@hono/zod-validator": ["@hono/zod-validator@0.7.6", "", { "peerDependencies": { "hono": ">=3.9.0", "zod": "^3.25.0 || ^4.0.0" } }, ""],

    "@ioredis/commands": ["@ioredis/commands@1.5.1", "", {}, ""],

    "@pdf-lib/standard-fonts": ["@pdf-lib/standard-fonts@1.0.0", "", { "dependencies": { "pako": "^1.0.6" } }, ""],

    "@pdf-lib/upng": ["@pdf-lib/upng@1.0.1", "", { "dependencies": { "pako": "^1.0.10" } }, ""],

    "@stablelib/base64": ["@stablelib/base64@1.0.1", "", {}, ""],

    "@types/bcryptjs": ["@types/bcryptjs@2.4.6", "", {}, ""],

    "@types/bun": ["@types/bun@1.3.11", "", { "dependencies": { "bun-types": "1.3.11" } }, "sha512-5vPne5QvtpjGpsGYXiFyycfpDF2ECyPcTSsFBMa0fraoxiQyMJ3SmuQIGhzPg2WJuWxVBoxWJ2kClYTcw/4fAg=="],

    "@types/node": ["@types/node@25.5.2", "", { "dependencies": { "undici-types": "~7.18.0" } }, "sha512-tO4ZIRKNC+MDWV4qKVZe3Ql/woTnmHDr5JD8UI5hn2pwBrHEwOEMZK7WlNb5RKB6EoJ02gwmQS9OrjuFnZYdpg=="],

    "bcryptjs": ["bcryptjs@2.4.3", "", {}, ""],

    "bun-types": ["bun-types@1.3.11", "", { "dependencies": { "@types/node": "*" } }, ""],

    "cloudinary": ["cloudinary@2.9.0", "", { "dependencies": { "lodash": "^4.17.21" } }, ""],

    "cluster-key-slot": ["cluster-key-slot@1.1.2", "", {}, ""],

    "debug": ["debug@4.4.3", "", { "dependencies": { "ms": "^2.1.3" } }, ""],

    "denque": ["denque@2.1.0", "", {}, ""],

    "fast-sha256": ["fast-sha256@1.3.0", "", {}, ""],

    "hono": ["hono@4.12.11", "", {}, "sha512-r4xbIa3mGGGoH9nN4A14DOg2wx7y2oQyJEb5O57C/xzETG/qx4c7CVDQ5WMeKHZ7ORk2W0hZ/sQKXTav3cmYBA=="],

    "ioredis": ["ioredis@5.10.1", "", { "dependencies": { "@ioredis/commands": "1.5.1", "cluster-key-slot": "^1.1.0", "debug": "^4.3.4", "denque": "^2.1.0", "lodash.defaults": "^4.2.0", "lodash.isarguments": "^3.1.0", "redis-errors": "^1.2.0", "redis-parser": "^3.0.0", "standard-as-callback": "^2.1.0" } }, ""],

    "jose": ["jose@5.10.0", "", {}, ""],

    "lodash": ["lodash@4.18.1", "", {}, "sha512-dMInicTPVE8d1e5otfwmmjlxkZoUpiVLwyeTdUsi/Caj/gfzzblBcCE5sRHV/AsjuCmxWrte2TNGSYuCeCq+0Q=="],

    "lodash.defaults": ["lodash.defaults@4.2.0", "", {}, ""],

    "lodash.isarguments": ["lodash.isarguments@3.1.0", "", {}, ""],

    "ms": ["ms@2.1.3", "", {}, ""],

    "nanoid": ["nanoid@5.1.7", "", { "bin": "bin/nanoid.js" }, ""],

    "pako": ["pako@1.0.11", "", {}, ""],

    "pdf-lib": ["pdf-lib@1.17.1", "", { "dependencies": { "@pdf-lib/standard-fonts": "^1.0.0", "@pdf-lib/upng": "^1.0.1", "pako": "^1.0.11", "tslib": "^1.11.1" } }, ""],

    "postal-mime": ["postal-mime@2.7.4", "", {}, "sha512-0WdnFQYUrPGGTFu1uOqD2s7omwua8xaeYGdO6rb88oD5yJ/4pPHDA4sdWqfD8wQVfCny563n/HQS7zTFft+f/g=="],

    "postgres": ["postgres@3.4.9", "", {}, "sha512-GD3qdB0x1z9xgFI6cdRD6xu2Sp2WCOEoe3mtnyB5Ee0XrrL5Pe+e4CCnJrRMnL1zYtRDZmQQVbvOttLnKDLnaw=="],

    "redis-errors": ["redis-errors@1.2.0", "", {}, ""],

    "redis-parser": ["redis-parser@3.0.0", "", { "dependencies": { "redis-errors": "^1.0.0" } }, ""],

    "resend": ["resend@6.10.0", "", { "dependencies": { "postal-mime": "2.7.4", "svix": "1.88.0" }, "peerDependencies": { "@react-email/render": "*" }, "optionalPeers": ["@react-email/render"] }, "sha512-i7CwZpYj4Oho1RxsTpLcCUkO08+HiL4NXrm6jLJ2WzJ89UGI8eROSieLONJA3hnUrf1OYnCyfq5F6POnHUMv1Q=="],

    "standard-as-callback": ["standard-as-callback@2.1.0", "", {}, ""],

    "standardwebhooks": ["standardwebhooks@1.0.0", "", { "dependencies": { "@stablelib/base64": "^1.0.0", "fast-sha256": "^1.3.0" } }, ""],

    "svix": ["svix@1.88.0", "", { "dependencies": { "standardwebhooks": "1.0.0", "uuid": "^10.0.0" } }, "sha512-vm/JrrUd3bVyBE+3L33TIyVSs8gS5fYx7lrISvKlDJXTYX1ACH4REX8P1tHxsSKoZi/rvifM1t0XRc5Vc45THw=="],

    "tslib": ["tslib@1.14.1", "", {}, ""],

    "typescript": ["typescript@5.9.3", "", { "bin": { "tsc": "bin/tsc", "tsserver": "bin/tsserver" } }, ""],

    "undici-types": ["undici-types@7.18.2", "", {}, ""],

    "uuid": ["uuid@10.0.0", "", { "bin": "dist/bin/uuid" }, ""],

    "zod": ["zod@4.3.6", "", {}, ""],

    "bun-types/@types/node": ["@types/node@25.5.0", "", { "dependencies": { "undici-types": "~7.18.0" } }, "sha512-jp2P3tQMSxWugkCUKLRPVUpGaL5MVFwF8RDuSRztfwgN1wmqJeMSbKlnEtQqU8UrhTmzEmZdu2I6v2dpp7XIxw=="],
  }
}
