{
  "lockfileVersion": 1,
  "configVersion": 0,
  "workspaces": {
    "": {
      "name": "api-web",
      "dependencies": {
        "@hono/zod-validator": "^0.7.6",
        "bcryptjs": "^2.4.3",
        "hono": "^4.12.11",
        "ioredis": "^5.10.1",
        "jose": "^5.10.0",
        "nanoid": "^5.1.7",
        "pdf-lib": "^1.17.1",
        "postgres": "^3.4.9",
        "undici": "^8.0.3",
        "zod": "^4.3.6",
      },
      "devDependencies": {
        "@types/bcryptjs": "^2.4.6",
        "@types/bun": "latest",
        "@types/node": "^25.5.2",
        "typescript": "^5.9.3",
      },
    },
  },
  "overrides": {
    "lodash": "^4.17.23",
  },
  "packages": {
    "@hono/zod-validator": ["@hono/zod-validator@0.7.6", "", { "peerDependencies": { "hono": ">=3.9.0", "zod": "^3.25.0 || ^4.0.0" } }, ""],

    "@ioredis/commands": ["@ioredis/commands@1.5.1", "", {}, ""],

    "@pdf-lib/standard-fonts": ["@pdf-lib/standard-fonts@1.0.0", "", { "dependencies": { "pako": "^1.0.6" } }, "sha512-hU30BK9IUN/su0Mn9VdlVKsWBS6GyhVfqjwl1FjZN4TxP6cCw0jP2w7V3Hf5uX7M0AZJ16vey9yE0ny7Sa59ZA=="],

    "@pdf-lib/upng": ["@pdf-lib/upng@1.0.1", "", { "dependencies": { "pako": "^1.0.10" } }, "sha512-dQK2FUMQtowVP00mtIksrlZhdFXQZPC+taih1q4CvPZ5vqdxR/LKBaFg0oAfzd1GlHZXXSPdQfzQnt+ViGvEIQ=="],

    "@types/bcryptjs": ["@types/bcryptjs@2.4.6", "", {}, ""],

    "@types/bun": ["@types/bun@1.3.11", "", { "dependencies": { "bun-types": "1.3.11" } }, "sha512-5vPne5QvtpjGpsGYXiFyycfpDF2ECyPcTSsFBMa0fraoxiQyMJ3SmuQIGhzPg2WJuWxVBoxWJ2kClYTcw/4fAg=="],

    "@types/node": ["@types/node@25.5.2", "", { "dependencies": { "undici-types": "~7.18.0" } }, "sha512-tO4ZIRKNC+MDWV4qKVZe3Ql/woTnmHDr5JD8UI5hn2pwBrHEwOEMZK7WlNb5RKB6EoJ02gwmQS9OrjuFnZYdpg=="],

    "bcryptjs": ["bcryptjs@2.4.3", "", {}, ""],

    "bun-types": ["bun-types@1.3.11", "", { "dependencies": { "@types/node": "*" } }, ""],

    "cluster-key-slot": ["cluster-key-slot@1.1.2", "", {}, ""],

    "debug": ["debug@4.4.3", "", { "dependencies": { "ms": "^2.1.3" } }, ""],

    "denque": ["denque@2.1.0", "", {}, ""],

    "hono": ["hono@4.12.11", "", {}, "sha512-r4xbIa3mGGGoH9nN4A14DOg2wx7y2oQyJEb5O57C/xzETG/qx4c7CVDQ5WMeKHZ7ORk2W0hZ/sQKXTav3cmYBA=="],

    "ioredis": ["ioredis@5.10.1", "", { "dependencies": { "@ioredis/commands": "1.5.1", "cluster-key-slot": "^1.1.0", "debug": "^4.3.4", "denque": "^2.1.0", "lodash.defaults": "^4.2.0", "lodash.isarguments": "^3.1.0", "redis-errors": "^1.2.0", "redis-parser": "^3.0.0", "standard-as-callback": "^2.1.0" } }, ""],

    "jose": ["jose@5.10.0", "", {}, ""],

    "lodash.defaults": ["lodash.defaults@4.2.0", "", {}, ""],

    "lodash.isarguments": ["lodash.isarguments@3.1.0", "", {}, ""],

    "ms": ["ms@2.1.3", "", {}, ""],

    "nanoid": ["nanoid@5.1.7", "", { "bin": "bin/nanoid.js" }, ""],

    "pako": ["pako@1.0.11", "", {}, "sha512-4hLB8Py4zZce5s4yd9XzopqwVv/yGNhV1Bl8NTmCq1763HeK2+EwVTv+leGeL13Dnh2wfbqowVPXCIO0z4taYw=="],

    "pdf-lib": ["pdf-lib@1.17.1", "", { "dependencies": { "@pdf-lib/standard-fonts": "^1.0.0", "@pdf-lib/upng": "^1.0.1", "pako": "^1.0.11", "tslib": "^1.11.1" } }, "sha512-V/mpyJAoTsN4cnP31vc0wfNA1+p20evqqnap0KLoRUN0Yk/p3wN52DOEsL4oBFcLdb76hlpKPtzJIgo67j/XLw=="],

    "postgres": ["postgres@3.4.9", "", {}, "sha512-GD3qdB0x1z9xgFI6cdRD6xu2Sp2WCOEoe3mtnyB5Ee0XrrL5Pe+e4CCnJrRMnL1zYtRDZmQQVbvOttLnKDLnaw=="],

    "redis-errors": ["redis-errors@1.2.0", "", {}, ""],

    "redis-parser": ["redis-parser@3.0.0", "", { "dependencies": { "redis-errors": "^1.0.0" } }, ""],

    "standard-as-callback": ["standard-as-callback@2.1.0", "", {}, ""],

    "tslib": ["tslib@1.14.1", "", {}, "sha512-Xni35NKzjgMrwevysHTCArtLDpPvye8zV/0E4EyYn43P7/7qvQwPh9BGkHewbMulVntbigmcT7rdX3BNo9wRJg=="],

    "typescript": ["typescript@5.9.3", "", { "bin": { "tsc": "bin/tsc", "tsserver": "bin/tsserver" } }, ""],

    "undici": ["undici@8.0.3", "", {}, "sha512-vTLEG/ceXgu/dMTQ8uNE2zgl7I7qEkx9l9tkz2H802AkgbBMvbmHMu4YqsrpGbUAMYKSQhCbmjsWMAeGu1dYXg=="],

    "undici-types": ["undici-types@7.18.2", "", {}, ""],

    "zod": ["zod@4.3.6", "", {}, ""],

    "bun-types/@types/node": ["@types/node@25.5.0", "", { "dependencies": { "undici-types": "~7.18.0" } }, "sha512-jp2P3tQMSxWugkCUKLRPVUpGaL5MVFwF8RDuSRztfwgN1wmqJeMSbKlnEtQqU8UrhTmzEmZdu2I6v2dpp7XIxw=="],
  }
}
